
Microsoft Visual Studio Solution File, Format Version 12.00
# Visual Studio Version 17
VisualStudioVersion = 17.7.34031.279
MinimumVisualStudioVersion = 10.0.40219.1
Project("{FAE04EC0-301F-11D3-BF4B-00C04F79EFBC}") = "Tema3-FormularioStackPanel", "Tema3-FormularioStackPanel.csproj", "{C79A4E1E-D5CD-45A9-AA08-E6723FFCFF5B}"
EndProject
Global
	GlobalSection(SolutionConfigurationPlatforms) = preSolution
		Debug|Any CPU = Debug|Any CPU
		Release|Any CPU = Release|Any CPU
	EndGlobalSection
	GlobalSection(ProjectConfigurationPlatforms) = postSolution
		{C79A4E1E-D5CD-45A9-AA08-E6723FFCFF5B}.Debug|Any CPU.ActiveCfg = Debug|Any CPU
		{C79A4E1E-D5CD-45A9-AA08-E6723FFCFF5B}.Debug|Any CPU.Build.0 = Debug|Any CPU
		{C79A4E1E-D5CD-45A9-AA08-E6723FFCFF5B}.Release|Any CPU.ActiveCfg = Release|Any CPU
		{C79A4E1E-D5CD-45A9-AA08-E6723FFCFF5B}.Release|Any CPU.Build.0 = Release|Any CPU
	EndGlobalSection
	GlobalSection(SolutionProperties) = preSolution
		HideSolutionNode = FALSE
	EndGlobalSection
	GlobalSection(ExtensibilityGlobals) = postSolution
		SolutionGuid = {D4BB51B8-1F2E-41A0-9AF1-F78A460B591A}
	EndGlobalSection
EndGlobal
